// !$*UTF8*$!
{
	archiveVersion = 1;
	classes = {
	};
	objectVersion = 50;
	objects = {

/* Begin PBXBuildFile section */
		3AEB89F121DCBBEE001FC05E /* AppDelegate.swift in Sources */ = {isa = PBXBuildFile; fileRef = 3AEB89F021DCBBEE001FC05E /* AppDelegate.swift */; };
		3AEB89F321DCBBEE001FC05E /* MasterViewController.swift in Sources */ = {isa = PBXBuildFile; fileRef = 3AEB89F221DCBBEE001FC05E /* MasterViewController.swift */; };
		3AEB89F521DCBBEE001FC05E /* DetailViewController.swift in Sources */ = {isa = PBXBuildFile; fileRef = 3AEB89F421DCBBEE001FC05E /* DetailViewController.swift */; };
		3AEB89F821DCBBEE001FC05E /* Main.storyboard in Resources */ = {isa = PBXBuildFile; fileRef = 3AEB89F621DCBBEE001FC05E /* Main.storyboard */; };
		3AEB89FA21DCBBEF001FC05E /* Assets.xcassets in Resources */ = {isa = PBXBuildFile; fileRef = 3AEB89F921DCBBEF001FC05E /* Assets.xcassets */; };
		3AEB89FD21DCBBEF001FC05E /* LaunchScreen.storyboard in Resources */ = {isa = PBXBuildFile; fileRef = 3AEB89FB21DCBBEF001FC05E /* LaunchScreen.storyboard */; };
		3AEB8A0821DCBBEF001FC05E /* HelloDessertsTests.swift in Sources */ = {isa = PBXBuildFile; fileRef = 3AEB8A0721DCBBEF001FC05E /* HelloDessertsTests.swift */; };
		3AEB8A1321DCBBEF001FC05E /* HelloDessertsUITests.swift in Sources */ = {isa = PBXBuildFile; fileRef = 3AEB8A1221DCBBEF001FC05E /* HelloDessertsUITests.swift */; };
/* End PBXBuildFile section */

/* Begin PBXContainerItemProxy section */
		3AEB8A0421DCBBEF001FC05E /* PBXContainerItemProxy */ = {
			isa = PBXContainerItemProxy;
			containerPortal = 3AEB89E521DCBBEE001FC05E /* Project object */;
			proxyType = 1;
			remoteGlobalIDString = 3AEB89EC21DCBBEE001FC05E;
			remoteInfo = HelloDesserts;
		};
		3AEB8A0F21DCBBEF001FC05E /* PBXContainerItemProxy */ = {
			isa = PBXContainerItemProxy;
			containerPortal = 3AEB89E521DCBBEE001FC05E /* Project object */;
			proxyType = 1;
			remoteGlobalIDString = 3AEB89EC21DCBBEE001FC05E;
			remoteInfo = HelloDesserts;
		};
/* End PBXContainerItemProxy section */

/* Begin PBXFileReference section */
		3AEB89ED21DCBBEE001FC05E /* HelloDesserts.app */ = {isa = PBXFileReference; explicitFileType = wrapper.application; includeInIndex = 0; path = HelloDesserts.app; sourceTree = BUILT_PRODUCTS_DIR; };
		3AEB89F021DCBBEE001FC05E /* AppDelegate.swift */ = {isa = PBXFileReference; lastKnownFileType = sourcecode.swift; path = AppDelegate.swift; sourceTree = "<group>"; };
		3AEB89F221DCBBEE001FC05E /* MasterViewController.swift */ = {isa = PBXFileReference; lastKnownFileType = sourcecode.swift; path = MasterViewController.swift; sourceTree = "<group>"; };
		3AEB89F421DCBBEE001FC05E /* DetailViewController.swift */ = {isa = PBXFileReference; lastKnownFileType = sourcecode.swift; path = DetailViewController.swift; sourceTree = "<group>"; };
		3AEB89F721DCBBEE001FC05E /* Base */ = {isa = PBXFileReference; lastKnownFileType = file.storyboard; name = Base; path = Base.lproj/Main.storyboard; sourceTree = "<group>"; };
		3AEB89F921DCBBEF001FC05E /* Assets.xcassets */ = {isa = PBXFileReference; lastKnownFileType = folder.assetcatalog; path = Assets.xcassets; sourceTree = "<group>"; };
		3AEB89FC21DCBBEF001FC05E /* Base */ = {isa = PBXFileReference; lastKnownFileType = file.storyboard; name = Base; path = Base.lproj/LaunchScreen.storyboard; sourceTree = "<group>"; };
		3AEB89FE21DCBBEF001FC05E /* Info.plist */ = {isa = PBXFileReference; lastKnownFileType = text.plist.xml; path = Info.plist; sourceTree = "<group>"; };
		3AEB8A0321DCBBEF001FC05E /* HelloDessertsTests.xctest */ = {isa = PBXFileReference; explicitFileType = wrapper.cfbundle; includeInIndex = 0; path = HelloDessertsTests.xctest; sourceTree = BUILT_PRODUCTS_DIR; };
		3AEB8A0721DCBBEF001FC05E /* HelloDessertsTests.swift */ = {isa = PBXFileReference; lastKnownFileType = sourcecode.swift; path = HelloDessertsTests.swift; sourceTree = "<group>"; };
		3AEB8A0921DCBBEF001FC05E /* Info.plist */ = {isa = PBXFileReference; lastKnownFileType = text.plist.xml; path = Info.plist; sourceTree = "<group>"; };
		3AEB8A0E21DCBBEF001FC05E /* HelloDessertsUITests.xctest */ = {isa = PBXFileReference; explicitFileType = wrapper.cfbundle; includeInIndex = 0; path = HelloDessertsUITests.xctest; sourceTree = BUILT_PRODUCTS_DIR; };
		3AEB8A1221DCBBEF001FC05E /* HelloDessertsUITests.swift */ = {isa = PBXFileReference; lastKnownFileType = sourcecode.swift; path = HelloDessertsUITests.swift; sourceTree = "<group>"; };
		3AEB8A1421DCBBEF001FC05E /* Info.plist */ = {isa = PBXFileReference; lastKnownFileType = text.plist.xml; path = Info.plist; sourceTree = "<group>"; };
/* End PBXFileReference section */

/* Begin PBXFrameworksBuildPhase section */
		3AEB89EA21DCBBEE001FC05E /* Frameworks */ = {
			isa = PBXFrameworksBuildPhase;
			buildActionMask = 2147483647;
			files = (
			);
			runOnlyForDeploymentPostprocessing = 0;
		};
		3AEB8A0021DCBBEF001FC05E /* Frameworks */ = {
			isa = PBXFrameworksBuildPhase;
			buildActionMask = 2147483647;
			files = (
			);
			runOnlyForDeploymentPostprocessing = 0;
		};
		3AEB8A0B21DCBBEF001FC05E /* Frameworks */ = {
			isa = PBXFrameworksBuildPhase;
			buildActionMask = 2147483647;
			files = (
			);
			runOnlyForDeploymentPostprocessing = 0;
		};
/* End PBXFrameworksBuildPhase section */

/* Begin PBXGroup section */
		3AEB89E421DCBBEE001FC05E = {
			isa = PBXGroup;
			children = (
				3AEB89EF21DCBBEE001FC05E /* HelloDesserts */,
				3AEB8A0621DCBBEF001FC05E /* HelloDessertsTests */,
				3AEB8A1121DCBBEF001FC05E /* HelloDessertsUITests */,
				3AEB89EE21DCBBEE001FC05E /* Products */,
			);
			sourceTree = "<group>";
		};
		3AEB89EE21DCBBEE001FC05E /* Products */ = {
			isa = PBXGroup;
			children = (
				3AEB89ED21DCBBEE001FC05E /* HelloDesserts.app */,
				3AEB8A0321DCBBEF001FC05E /* HelloDessertsTests.xctest */,
				3AEB8A0E21DCBBEF001FC05E /* HelloDessertsUITests.xctest */,
			);
			name = Products;
			sourceTree = "<group>";
		};
		3AEB89EF21DCBBEE001FC05E /* HelloDesserts */ = {
			isa = PBXGroup;
			children = (
				3AEB89F021DCBBEE001FC05E /* AppDelegate.swift */,
				3AEB89F221DCBBEE001FC05E /* MasterViewController.swift */,
				3AEB89F421DCBBEE001FC05E /* DetailViewController.swift */,
				3AEB89F621DCBBEE001FC05E /* Main.storyboard */,
				3AEB89F921DCBBEF001FC05E /* Assets.xcassets */,
				3AEB89FB21DCBBEF001FC05E /* LaunchScreen.storyboard */,
				3AEB89FE21DCBBEF001FC05E /* Info.plist */,
			);
			path = HelloDesserts;
			sourceTree = "<group>";
		};
		3AEB8A0621DCBBEF001FC05E /* HelloDessertsTests */ = {
			isa = PBXGroup;
			children = (
				3AEB8A0721DCBBEF001FC05E /* HelloDessertsTests.swift */,
				3AEB8A0921DCBBEF001FC05E /* Info.plist */,
			);
			path = HelloDessertsTests;
			sourceTree = "<group>";
		};
		3AEB8A1121DCBBEF001FC05E /* HelloDessertsUITests */ = {
			isa = PBXGroup;
			children = (
				3AEB8A1221DCBBEF001FC05E /* HelloDessertsUITests.swift */,
				3AEB8A1421DCBBEF001FC05E /* Info.plist */,
			);
			path = HelloDessertsUITests;
			sourceTree = "<group>";
		};
/* End PBXGroup section */

/* Begin PBXNativeTarget section */
		3AEB89EC21DCBBEE001FC05E /* HelloDesserts */ = {
			isa = PBXNativeTarget;
			buildConfigurationList = 3AEB8A1721DCBBEF001FC05E /* Build configuration list for PBXNativeTarget "HelloDesserts" */;
			buildPhases = (
				3AEB89E921DCBBEE001FC05E /* Sources */,
				3AEB89EA21DCBBEE001FC05E /* Frameworks */,
				3AEB89EB21DCBBEE001FC05E /* Resources */,
			);
			buildRules = (
			);
			dependencies = (
			);
			name = HelloDesserts;
			productName = HelloDesserts;
			productReference = 3AEB89ED21DCBBEE001FC05E /* HelloDesserts.app */;
			productType = "com.apple.product-type.application";
		};
		3AEB8A0221DCBBEF001FC05E /* HelloDessertsTests */ = {
			isa = PBXNativeTarget;
			buildConfigurationList = 3AEB8A1A21DCBBEF001FC05E /* Build configuration list for PBXNativeTarget "HelloDessertsTests" */;
			buildPhases = (
				3AEB89FF21DCBBEF001FC05E /* Sources */,
				3AEB8A0021DCBBEF001FC05E /* Frameworks */,
				3AEB8A0121DCBBEF001FC05E /* Resources */,
			);
			buildRules = (
			);
			dependencies = (
				3AEB8A0521DCBBEF001FC05E /* PBXTargetDependency */,
			);
			name = HelloDessertsTests;
			productName = HelloDessertsTests;
			productReference = 3AEB8A0321DCBBEF001FC05E /* HelloDessertsTests.xctest */;
			productType = "com.apple.product-type.bundle.unit-test";
		};
		3AEB8A0D21DCBBEF001FC05E /* HelloDessertsUITests */ = {
			isa = PBXNativeTarget;
			buildConfigurationList = 3AEB8A1D21DCBBEF001FC05E /* Build configuration list for PBXNativeTarget "HelloDessertsUITests" */;
			buildPhases = (
				3AEB8A0A21DCBBEF001FC05E /* Sources */,
				3AEB8A0B21DCBBEF001FC05E /* Frameworks */,
				3AEB8A0C21DCBBEF001FC05E /* Resources */,
			);
			buildRules = (
			);
			dependencies = (
				3AEB8A1021DCBBEF001FC05E /* PBXTargetDependency */,
			);
			name = HelloDessertsUITests;
			productName = HelloDessertsUITests;
			productReference = 3AEB8A0E21DCBBEF001FC05E /* HelloDessertsUITests.xctest */;
			productType = "com.apple.product-type.bundle.ui-testing";
		};
/* End PBXNativeTarget section */

/* Begin PBXProject section */
		3AEB89E521DCBBEE001FC05E /* Project object */ = {
			isa = PBXProject;
			attributes = {
				LastSwiftUpdateCheck = 1000;
				LastUpgradeCheck = 1000;
				ORGANIZATIONNAME = "Heng Hong Lee";
				TargetAttributes = {
					3AEB89EC21DCBBEE001FC05E = {
						CreatedOnToolsVersion = 10.0;
					};
					3AEB8A0221DCBBEF001FC05E = {
						CreatedOnToolsVersion = 10.0;
						TestTargetID = 3AEB89EC21DCBBEE001FC05E;
					};
					3AEB8A0D21DCBBEF001FC05E = {
						CreatedOnToolsVersion = 10.0;
						TestTargetID = 3AEB89EC21DCBBEE001FC05E;
					};
				};
			};
			buildConfigurationList = 3AEB89E821DCBBEE001FC05E /* Build configuration list for PBXProject "HelloDesserts" */;
			compatibilityVersion = "Xcode 9.3";
			developmentRegion = en;
			hasScannedForEncodings = 0;
			knownRegions = (
				en,
				Base,
			);
			mainGroup = 3AEB89E421DCBBEE001FC05E;
			productRefGroup = 3AEB89EE21DCBBEE001FC05E /* Products */;
			projectDirPath = "";
			projectRoot = "";
			targets = (
				3AEB89EC21DCBBEE001FC05E /* HelloDesserts */,
				3AEB8A0221DCBBEF001FC05E /* HelloDessertsTests */,
				3AEB8A0D21DCBBEF001FC05E /* HelloDessertsUITests */,
			);
		};
/* End PBXProject section */

/* Begin PBXResourcesBuildPhase section */
		3AEB89EB21DCBBEE001FC05E /* Resources */ = {
			isa = PBXResourcesBuildPhase;
			buildActionMask = 2147483647;
			files = (
				3AEB89FD21DCBBEF001FC05E /* LaunchScreen.storyboard in Resources */,
				3AEB89FA21DCBBEF001FC05E /* Assets.xcassets in Resources */,
				3AEB89F821DCBBEE001FC05E /* Main.storyboard in Resources */,
			);
			runOnlyForDeploymentPostprocessing = 0;
		};
		3AEB8A0121DCBBEF001FC05E /* Resources */ = {
			isa = PBXResourcesBuildPhase;
			buildActionMask = 2147483647;
			files = (
			);
			runOnlyForDeploymentPostprocessing = 0;
		};
		3AEB8A0C21DCBBEF001FC05E /* Resources */ = {
			isa = PBXResourcesBuildPhase;
			buildActionMask = 2147483647;
			files = (
			);
			runOnlyForDeploymentPostprocessing = 0;
		};
/* End PBXResourcesBuildPhase section */

/* Begin PBXSourcesBuildPhase section */
		3AEB89E921DCBBEE001FC05E /* Sources */ = {
			isa = PBXSourcesBuildPhase;
			buildActionMask = 2147483647;
			files = (
				3AEB89F521DCBBEE001FC05E /* DetailViewController.swift in Sources */,
				3AEB89F321DCBBEE001FC05E /* MasterViewController.swift in Sources */,
				3AEB89F121DCBBEE001FC05E /* AppDelegate.swift in Sources */,
			);
			runOnlyForDeploymentPostprocessing = 0;
		};
		3AEB89FF21DCBBEF001FC05E /* Sources */ = {
			isa = PBXSourcesBuildPhase;
			buildActionMask = 2147483647;
			files = (
				3AEB8A0821DCBBEF001FC05E /* HelloDessertsTests.swift in Sources */,
			);
			runOnlyForDeploymentPostprocessing = 0;
		};
		3AEB8A0A21DCBBEF001FC05E /* Sources */ = {
			isa = PBXSourcesBuildPhase;
			buildActionMask = 2147483647;
			files = (
				3AEB8A1321DCBBEF001FC05E /* HelloDessertsUITests.swift in Sources */,
			);
			runOnlyForDeploymentPostprocessing = 0;
		};
/* End PBXSourcesBuildPhase section */

/* Begin PBXTargetDependency section */
		3AEB8A0521DCBBEF001FC05E /* PBXTargetDependency */ = {
			isa = PBXTargetDependency;
			target = 3AEB89EC21DCBBEE001FC05E /* HelloDesserts */;
			targetProxy = 3AEB8A0421DCBBEF001FC05E /* PBXContainerItemProxy */;
		};
		3AEB8A1021DCBBEF001FC05E /* PBXTargetDependency */ = {
			isa = PBXTargetDependency;
			target = 3AEB89EC21DCBBEE001FC05E /* HelloDesserts */;
			targetProxy = 3AEB8A0F21DCBBEF001FC05E /* PBXContainerItemProxy */;
		};
/* End PBXTargetDependency section */

/* Begin PBXVariantGroup section */
		3AEB89F621DCBBEE001FC05E /* Main.storyboard */ = {
			isa = PBXVariantGroup;
			children = (
				3AEB89F721DCBBEE001FC05E /* Base */,
			);
			name = Main.storyboard;
			sourceTree = "<group>";
		};
		3AEB89FB21DCBBEF001FC05E /* LaunchScreen.storyboard */ = {
			isa = PBXVariantGroup;
			children = (
				3AEB89FC21DCBBEF001FC05E /* Base */,
			);
			name = LaunchScreen.storyboard;
			sourceTree = "<group>";
		};
/* End PBXVariantGroup section */

/* Begin XCBuildConfiguration section */
		3AEB8A1521DCBBEF001FC05E /* Debug */ = {
			isa = XCBuildConfiguration;
			buildSettings = {
				ALWAYS_SEARCH_USER_PATHS = NO;
				CLANG_ANALYZER_NONNULL = YES;
				CLANG_ANALYZER_NUMBER_OBJECT_CONVERSION = YES_AGGRESSIVE;
				CLANG_CXX_LANGUAGE_STANDARD = "gnu++14";
				CLANG_CXX_LIBRARY = "libc++";
				CLANG_ENABLE_MODULES = YES;
				CLANG_ENABLE_OBJC_ARC = YES;
				CLANG_ENABLE_OBJC_WEAK = YES;
				CLANG_WARN_BLOCK_CAPTURE_AUTORELEASING = YES;
				CLANG_WARN_BOOL_CONVERSION = YES;
				CLANG_WARN_COMMA = YES;
				CLANG_WARN_CONSTANT_CONVERSION = YES;
				CLANG_WARN_DEPRECATED_OBJC_IMPLEMENTATIONS = YES;
				CLANG_WARN_DIRECT_OBJC_ISA_USAGE = YES_ERROR;
				CLANG_WARN_DOCUMENTATION_COMMENTS = YES;
				CLANG_WARN_EMPTY_BODY = YES;
				CLANG_WARN_ENUM_CONVERSION = YES;
				CLANG_WARN_INFINITE_RECURSION = YES;
				CLANG_WARN_INT_CONVERSION = YES;
				CLANG_WARN_NON_LITERAL_NULL_CONVERSION = YES;
				CLANG_WARN_OBJC_IMPLICIT_RETAIN_SELF = YES;
				CLANG_WARN_OBJC_LITERAL_CONVERSION = YES;
				CLANG_WARN_OBJC_ROOT_CLASS = YES_ERROR;
				CLANG_WARN_RANGE_LOOP_ANALYSIS = YES;
				CLANG_WARN_STRICT_PROTOTYPES = YES;
				CLANG_WARN_SUSPICIOUS_MOVE = YES;
				CLANG_WARN_UNGUARDED_AVAILABILITY = YES_AGGRESSIVE;
				CLANG_WARN_UNREACHABLE_CODE = YES;
				CLANG_WARN__DUPLICATE_METHOD_MATCH = YES;
				CODE_SIGN_IDENTITY = "iPhone Developer";
				COPY_PHASE_STRIP = NO;
				DEBUG_INFORMATION_FORMAT = dwarf;
				ENABLE_STRICT_OBJC_MSGSEND = YES;
				ENABLE_TESTABILITY = YES;
				GCC_C_LANGUAGE_STANDARD = gnu11;
				GCC_DYNAMIC_NO_PIC = NO;
				GCC_NO_COMMON_BLOCKS = YES;
				GCC_OPTIMIZATION_LEVEL = 0;
				GCC_PREPROCESSOR_DEFINITIONS = (
					"DEBUG=1",
					"$(inherited)",
				);
				GCC_WARN_64_TO_32_BIT_CONVERSION = YES;
				GCC_WARN_ABOUT_RETURN_TYPE = YES_ERROR;
				GCC_WARN_UNDECLARED_SELECTOR = YES;
				GCC_WARN_UNINITIALIZED_AUTOS = YES_AGGRESSIVE;
				GCC_WARN_UNUSED_FUNCTION = YES;
				GCC_WARN_UNUSED_VARIABLE = YES;
				IPHONEOS_DEPLOYMENT_TARGET = 12.0;
				MTL_ENABLE_DEBUG_INFO = INCLUDE_SOURCE;
				MTL_FAST_MATH = YES;
				ONLY_ACTIVE_ARCH = YES;
				SDKROOT = iphoneos;
				SWIFT_ACTIVE_COMPILATION_CONDITIONS = DEBUG;
				SWIFT_OPTIMIZATION_LEVEL = "-Onone";
			};
			name = Debug;
		};
		3AEB8A1621DCBBEF001FC05E /* Release */ = {
			isa = XCBuildConfiguration;
			buildSettings = {
				ALWAYS_SEARCH_USER_PATHS = NO;
				CLANG_ANALYZER_NONNULL = YES;
				CLANG_ANALYZER_NUMBER_OBJECT_CONVERSION = YES_AGGRESSIVE;
				CLANG_CXX_LANGUAGE_STANDARD = "gnu++14";
				CLANG_CXX_LIBRARY = "libc++";
				CLANG_ENABLE_MODULES = YES;
				CLANG_ENABLE_OBJC_ARC = YES;
				CLANG_ENABLE_OBJC_WEAK = YES;
				CLANG_WARN_BLOCK_CAPTURE_AUTORELEASING = YES;
				CLANG_WARN_BOOL_CONVERSION = YES;
				CLANG_WARN_COMMA = YES;
				CLANG_WARN_CONSTANT_CONVERSION = YES;
				CLANG_WARN_DEPRECATED_OBJC_IMPLEMENTATIONS = YES;
				CLANG_WARN_DIRECT_OBJC_ISA_USAGE = YES_ERROR;
				CLANG_WARN_DOCUMENTATION_COMMENTS = YES;
				CLANG_WARN_EMPTY_BODY = YES;
				CLANG_WARN_ENUM_CONVERSION = YES;
				CLANG_WARN_INFINITE_RECURSION = YES;
				CLANG_WARN_INT_CONVERSION = YES;
				CLANG_WARN_NON_LITERAL_NULL_CONVERSION = YES;
				CLANG_WARN_OBJC_IMPLICIT_RETAIN_SELF = YES;
				CLANG_WARN_OBJC_LITERAL_CONVERSION = YES;
				CLANG_WARN_OBJC_ROOT_CLASS = YES_ERROR;
				CLANG_WARN_RANGE_LOOP_ANALYSIS = YES;
				CLANG_WARN_STRICT_PROTOTYPES = YES;
				CLANG_WARN_SUSPICIOUS_MOVE = YES;
				CLANG_WARN_UNGUARDED_AVAILABILITY = YES_AGGRESSIVE;
				CLANG_WARN_UNREACHABLE_CODE = YES;
				CLANG_WARN__DUPLICATE_METHOD_MATCH = YES;
				CODE_SIGN_IDENTITY = "iPhone Developer";
				COPY_PHASE_STRIP = NO;
				DEBUG_INFORMATION_FORMAT = "dwarf-with-dsym";
				ENABLE_NS_ASSERTIONS = NO;
				ENABLE_STRICT_OBJC_MSGSEND = YES;
				GCC_C_LANGUAGE_STANDARD = gnu11;
				GCC_NO_COMMON_BLOCKS = YES;
				GCC_WARN_64_TO_32_BIT_CONVERSION = YES;
				GCC_WARN_ABOUT_RETURN_TYPE = YES_ERROR;
				GCC_WARN_UNDECLARED_SELECTOR = YES;
				GCC_WARN_UNINITIALIZED_AUTOS = YES_AGGRESSIVE;
				GCC_WARN_UNUSED_FUNCTION = YES;
				GCC_WARN_UNUSED_VARIABLE = YES;
				IPHONEOS_DEPLOYMENT_TARGET = 12.0;
				MTL_ENABLE_DEBUG_INFO = NO;
				MTL_FAST_MATH = YES;
				SDKROOT = iphoneos;
				SWIFT_COMPILATION_MODE = wholemodule;
				SWIFT_OPTIMIZATION_LEVEL = "-O";
				VALIDATE_PRODUCT = YES;
			};
			name = Release;
		};
		3AEB8A1821DCBBEF001FC05E /* Debug */ = {
			isa = XCBuildConfiguration;
			buildSettings = {
				ASSETCATALOG_COMPILER_APPICON_NAME = AppIcon;
				CODE_SIGN_STYLE = Automatic;
				INFOPLIST_FILE = HelloDesserts/Info.plist;
				LD_RUNPATH_SEARCH_PATHS = (
					"$(inherited)",
					"@executable_path/Frameworks",
				);
				PRODUCT_BUNDLE_IDENTIFIER = fixellabs.HelloDesserts;
				PRODUCT_NAME = "$(TARGET_NAME)";
				SWIFT_VERSION = 4.2;
				TARGETED_DEVICE_FAMILY = "1,2";
			};
			name = Debug;
		};
		3AEB8A1921DCBBEF001FC05E /* Release */ = {
			isa = XCBuildConfiguration;
			buildSettings = {
				ASSETCATALOG_COMPILER_APPICON_NAME = AppIcon;
				CODE_SIGN_STYLE = Automatic;
				INFOPLIST_FILE = HelloDesserts/Info.plist;
				LD_RUNPATH_SEARCH_PATHS = (
					"$(inherited)",
					"@executable_path/Frameworks",
				);
				PRODUCT_BUNDLE_IDENTIFIER = fixellabs.HelloDesserts;
				PRODUCT_NAME = "$(TARGET_NAME)";
				SWIFT_VERSION = 4.2;
				TARGETED_DEVICE_FAMILY = "1,2";
			};
			name = Release;
		};
		3AEB8A1B21DCBBEF001FC05E /* Debug */ = {
			isa = XCBuildConfiguration;
			buildSettings = {
				ALWAYS_EMBED_SWIFT_STANDARD_LIBRARIES = YES;
				BUNDLE_LOADER = "$(TEST_HOST)";
				CODE_SIGN_STYLE = Automatic;
				INFOPLIST_FILE = HelloDessertsTests/Info.plist;
				LD_RUNPATH_SEARCH_PATHS = (
					"$(inherited)",
					"@executable_path/Frameworks",
					"@loader_path/Frameworks",
				);
				PRODUCT_BUNDLE_IDENTIFIER = fixellabs.HelloDessertsTests;
				PRODUCT_NAME = "$(TARGET_NAME)";
				SWIFT_VERSION = 4.2;
				TARGETED_DEVICE_FAMILY = "1,2";
				TEST_HOST = "$(BUILT_PRODUCTS_DIR)/HelloDesserts.app/HelloDesserts";
			};
			name = Debug;
		};
		3AEB8A1C21DCBBEF001FC05E /* Release */ = {
			isa = XCBuildConfiguration;
			buildSettings = {
				ALWAYS_EMBED_SWIFT_STANDARD_LIBRARIES = YES;
				BUNDLE_LOADER = "$(TEST_HOST)";
				CODE_SIGN_STYLE = Automatic;
				INFOPLIST_FILE = HelloDessertsTests/Info.plist;
				LD_RUNPATH_SEARCH_PATHS = (
					"$(inherited)",
					"@executable_path/Frameworks",
					"@loader_path/Frameworks",
				);
				PRODUCT_BUNDLE_IDENTIFIER = fixellabs.HelloDessertsTests;
				PRODUCT_NAME = "$(TARGET_NAME)";
				SWIFT_VERSION = 4.2;
				TARGETED_DEVICE_FAMILY = "1,2";
				TEST_HOST = "$(BUILT_PRODUCTS_DIR)/HelloDesserts.app/HelloDesserts";
			};
			name = Release;
		};
		3AEB8A1E21DCBBEF001FC05E /* Debug */ = {
			isa = XCBuildConfiguration;
			buildSettings = {
				ALWAYS_EMBED_SWIFT_STANDARD_LIBRARIES = YES;
				CODE_SIGN_STYLE = Automatic;
				INFOPLIST_FILE = HelloDessertsUITests/Info.plist;
				LD_RUNPATH_SEARCH_PATHS = (
					"$(inherited)",
					"@executable_path/Frameworks",
					"@loader_path/Frameworks",
				);
				PRODUCT_BUNDLE_IDENTIFIER = fixellabs.HelloDessertsUITests;
				PRODUCT_NAME = "$(TARGET_NAME)";
				SWIFT_VERSION = 4.2;
				TARGETED_DEVICE_FAMILY = "1,2";
				TEST_TARGET_NAME = HelloDesserts;
			};
			name = Debug;
		};
		3AEB8A1F21DCBBEF001FC05E /* Release */ = {
			isa = XCBuildConfiguration;
			buildSettings = {
				ALWAYS_EMBED_SWIFT_STANDARD_LIBRARIES = YES;
				CODE_SIGN_STYLE = Automatic;
				INFOPLIST_FILE = HelloDessertsUITests/Info.plist;
				LD_RUNPATH_SEARCH_PATHS = (
					"$(inherited)",
					"@executable_path/Frameworks",
					"@loader_path/Frameworks",
				);
				PRODUCT_BUNDLE_IDENTIFIER = fixellabs.HelloDessertsUITests;
				PRODUCT_NAME = "$(TARGET_NAME)";
				SWIFT_VERSION = 4.2;
				TARGETED_DEVICE_FAMILY = "1,2";
				TEST_TARGET_NAME = HelloDesserts;
			};
			name = Release;
		};
/* End XCBuildConfiguration section */

/* Begin XCConfigurationList section */
		3AEB89E821DCBBEE001FC05E /* Build configuration list for PBXProject "HelloDesserts" */ = {
			isa = XCConfigurationList;
			buildConfigurations = (
				3AEB8A1521DCBBEF001FC05E /* Debug */,
				3AEB8A1621DCBBEF001FC05E /* Release */,
			);
			defaultConfigurationIsVisible = 0;
			defaultConfigurationName = Release;
		};
		3AEB8A1721DCBBEF001FC05E /* Build configuration list for PBXNativeTarget "HelloDesserts" */ = {
			isa = XCConfigurationList;
			buildConfigurations = (
				3AEB8A1821DCBBEF001FC05E /* Debug */,
				3AEB8A1921DCBBEF001FC05E /* Release */,
			);
			defaultConfigurationIsVisible = 0;
			defaultConfigurationName = Release;
		};
		3AEB8A1A21DCBBEF001FC05E /* Build configuration list for PBXNativeTarget "HelloDessertsTests" */ = {
			isa = XCConfigurationList;
			buildConfigurations = (
				3AEB8A1B21DCBBEF001FC05E /* Debug */,
				3AEB8A1C21DCBBEF001FC05E /* Release */,
			);
			defaultConfigurationIsVisible = 0;
			defaultConfigurationName = Release;
		};
		3AEB8A1D21DCBBEF001FC05E /* Build configuration list for PBXNativeTarget "HelloDessertsUITests" */ = {
			isa = XCConfigurationList;
			buildConfigurations = (
				3AEB8A1E21DCBBEF001FC05E /* Debug */,
				3AEB8A1F21DCBBEF001FC05E /* Release */,
			);
			defaultConfigurationIsVisible = 0;
			defaultConfigurationName = Release;
		};
/* End XCConfigurationList section */
	};
	rootObject = 3AEB89E521DCBBEE001FC05E /* Project object */;
}
